<?xml version="1.0" encoding="utf-8"?>
<Project ToolsVersion="4.0" xmlns="http://schemas.microsoft.com/developer/msbuild/2003">
  <ItemGroup>
    <ClCompile Include="Elevator.cpp" />
    <ClCompile Include="Door.cpp" />
    <ClCompile Include="pch.cpp" />
    <ClCompile Include="TP2.cpp" />
    <ClCompile Include="User.cpp" />
    <ClCompile Include="Systeme.cpp" />
  </ItemGroup>
  <ItemGroup>
    <ClInclude Include="Door.h" />
    <ClInclude Include="pch.h" />
    <ClInclude Include="TP2.h" />
    <ClInclude Include="User.h" />
    <ClInclude Include="Elevator.h" />
    <ClInclude Include="Systeme.h" />
  </ItemGroup>
</Project>